
Microsoft Visual Studio Solution File, Format Version 12.00
# Visual Studio Version 16
VisualStudioVersion = 16.0.28407.52
MinimumVisualStudioVersion = 10.0.40219.1
Project("{9A19103F-16F7-4668-BE54-9A1E7A4F7556}") = "MagicTrick", "MagicTrick\MagicTrick.csproj", "{08FEC501-C366-4A41-AD9B-492BD2517811}"
EndProject
Project("{9A19103F-16F7-4668-BE54-9A1E7A4F7556}") = "Examples", "Examples\Examples.csproj", "{376072AC-CFB5-43F2-AF31-2D44E0073BC2}"
EndProject
Global
	GlobalSection(SolutionConfigurationPlatforms) = preSolution
		Debug|Any CPU = Debug|Any CPU
		Release|Any CPU = Release|Any CPU
	EndGlobalSection
	GlobalSection(ProjectConfigurationPlatforms) = postSolution
		{08FEC501-C366-4A41-AD9B-492BD2517811}.Debug|Any CPU.ActiveCfg = Debug|Any CPU
		{08FEC501-C366-4A41-AD9B-492BD2517811}.Debug|Any CPU.Build.0 = Debug|Any CPU
		{08FEC501-C366-4A41-AD9B-492BD2517811}.Release|Any CPU.ActiveCfg = Release|Any CPU
		{08FEC501-C366-4A41-AD9B-492BD2517811}.Release|Any CPU.Build.0 = Release|Any CPU
		{376072AC-CFB5-43F2-AF31-2D44E0073BC2}.Debug|Any CPU.ActiveCfg = Debug|Any CPU
		{376072AC-CFB5-43F2-AF31-2D44E0073BC2}.Debug|Any CPU.Build.0 = Debug|Any CPU
		{376072AC-CFB5-43F2-AF31-2D44E0073BC2}.Release|Any CPU.ActiveCfg = Release|Any CPU
		{376072AC-CFB5-43F2-AF31-2D44E0073BC2}.Release|Any CPU.Build.0 = Release|Any CPU
	EndGlobalSection
	GlobalSection(SolutionProperties) = preSolution
		HideSolutionNode = FALSE
	EndGlobalSection
	GlobalSection(ExtensibilityGlobals) = postSolution
		SolutionGuid = {45772B50-40F4-44C8-A83B-CAD845B54B1B}
	EndGlobalSection
EndGlobal
